// !$*UTF8*$!
{
	archiveVersion = 1;
	classes = {
	};
	objectVersion = 50;
	objects = {

/* Begin PBXBuildFile section */
		E3480B8A24B0BCDD007B7D19 /* AppDelegate.swift in Sources */ = {isa = PBXBuildFile; fileRef = E3480B8924B0BCDD007B7D19 /* AppDelegate.swift */; };
		E3480B8C24B0BCDD007B7D19 /* GameScene.sks in Resources */ = {isa = PBXBuildFile; fileRef = E3480B8B24B0BCDD007B7D19 /* GameScene.sks */; };
		E3480B8E24B0BCDD007B7D19 /* Actions.sks in Resources */ = {isa = PBXBuildFile; fileRef = E3480B8D24B0BCDD007B7D19 /* Actions.sks */; };
		E3480B9024B0BCDD007B7D19 /* GameScene.swift in Sources */ = {isa = PBXBuildFile; fileRef = E3480B8F24B0BCDD007B7D19 /* GameScene.swift */; };
		E3480B9224B0BCDD007B7D19 /* GameViewController.swift in Sources */ = {isa = PBXBuildFile; fileRef = E3480B9124B0BCDD007B7D19 /* GameViewController.swift */; };
		E3480B9524B0BCDD007B7D19 /* Main.storyboard in Resources */ = {isa = PBXBuildFile; fileRef = E3480B9324B0BCDD007B7D19 /* Main.storyboard */; };
		E3480B9724B0BCE8007B7D19 /* Assets.xcassets in Resources */ = {isa = PBXBuildFile; fileRef = E3480B9624B0BCE8007B7D19 /* Assets.xcassets */; };
		E3480B9A24B0BCE8007B7D19 /* LaunchScreen.storyboard in Resources */ = {isa = PBXBuildFile; fileRef = E3480B9824B0BCE8007B7D19 /* LaunchScreen.storyboard */; };
/* End PBXBuildFile section */

/* Begin PBXFileReference section */
		E3480B8624B0BCDD007B7D19 /* ColorsToCollect.app */ = {isa = PBXFileReference; explicitFileType = wrapper.application; includeInIndex = 0; path = ColorsToCollect.app; sourceTree = BUILT_PRODUCTS_DIR; };
		E3480B8924B0BCDD007B7D19 /* AppDelegate.swift */ = {isa = PBXFileReference; lastKnownFileType = sourcecode.swift; path = AppDelegate.swift; sourceTree = "<group>"; };
		E3480B8B24B0BCDD007B7D19 /* GameScene.sks */ = {isa = PBXFileReference; lastKnownFileType = file.sks; path = GameScene.sks; sourceTree = "<group>"; };
		E3480B8D24B0BCDD007B7D19 /* Actions.sks */ = {isa = PBXFileReference; lastKnownFileType = file.sks; path = Actions.sks; sourceTree = "<group>"; };
		E3480B8F24B0BCDD007B7D19 /* GameScene.swift */ = {isa = PBXFileReference; lastKnownFileType = sourcecode.swift; path = GameScene.swift; sourceTree = "<group>"; };
		E3480B9124B0BCDD007B7D19 /* GameViewController.swift */ = {isa = PBXFileReference; lastKnownFileType = sourcecode.swift; path = GameViewController.swift; sourceTree = "<group>"; };
		E3480B9424B0BCDD007B7D19 /* Base */ = {isa = PBXFileReference; lastKnownFileType = file.storyboard; name = Base; path = Base.lproj/Main.storyboard; sourceTree = "<group>"; };
		E3480B9624B0BCE8007B7D19 /* Assets.xcassets */ = {isa = PBXFileReference; lastKnownFileType = folder.assetcatalog; path = Assets.xcassets; sourceTree = "<group>"; };
		E3480B9924B0BCE8007B7D19 /* Base */ = {isa = PBXFileReference; lastKnownFileType = file.storyboard; name = Base; path = Base.lproj/LaunchScreen.storyboard; sourceTree = "<group>"; };
		E3480B9B24B0BCE8007B7D19 /* Info.plist */ = {isa = PBXFileReference; lastKnownFileType = text.plist.xml; path = Info.plist; sourceTree = "<group>"; };
/* End PBXFileReference section */

/* Begin PBXFrameworksBuildPhase section */
		E3480B8324B0BCDD007B7D19 /* Frameworks */ = {
			isa = PBXFrameworksBuildPhase;
			buildActionMask = 2147483647;
			files = (
			);
			runOnlyForDeploymentPostprocessing = 0;
		};
/* End PBXFrameworksBuildPhase section */

/* Begin PBXGroup section */
		E3480B7D24B0BCDC007B7D19 = {
			isa = PBXGroup;
			children = (
				E3480B8824B0BCDD007B7D19 /* ColorsToCollect */,
				E3480B8724B0BCDD007B7D19 /* Products */,
			);
			sourceTree = "<group>";
		};
		E3480B8724B0BCDD007B7D19 /* Products */ = {
			isa = PBXGroup;
			children = (
				E3480B8624B0BCDD007B7D19 /* ColorsToCollect.app */,
			);
			name = Products;
			sourceTree = "<group>";
		};
		E3480B8824B0BCDD007B7D19 /* ColorsToCollect */ = {
			isa = PBXGroup;
			children = (
				E3480B8924B0BCDD007B7D19 /* AppDelegate.swift */,
				E3480B8B24B0BCDD007B7D19 /* GameScene.sks */,
				E3480B8D24B0BCDD007B7D19 /* Actions.sks */,
				E3480B8F24B0BCDD007B7D19 /* GameScene.swift */,
				E3480B9124B0BCDD007B7D19 /* GameViewController.swift */,
				E3480B9324B0BCDD007B7D19 /* Main.storyboard */,
				E3480B9624B0BCE8007B7D19 /* Assets.xcassets */,
				E3480B9824B0BCE8007B7D19 /* LaunchScreen.storyboard */,
				E3480B9B24B0BCE8007B7D19 /* Info.plist */,
			);
			path = ColorsToCollect;
			sourceTree = "<group>";
		};
/* End PBXGroup section */

/* Begin PBXNativeTarget section */
		E3480B8524B0BCDD007B7D19 /* ColorsToCollect */ = {
			isa = PBXNativeTarget;
			buildConfigurationList = E3480B9E24B0BCE8007B7D19 /* Build configuration list for PBXNativeTarget "ColorsToCollect" */;
			buildPhases = (
				E3480B8224B0BCDD007B7D19 /* Sources */,
				E3480B8324B0BCDD007B7D19 /* Frameworks */,
				E3480B8424B0BCDD007B7D19 /* Resources */,
			);
			buildRules = (
			);
			dependencies = (
			);
			name = ColorsToCollect;
			productName = ColorsToCollect;
			productReference = E3480B8624B0BCDD007B7D19 /* ColorsToCollect.app */;
			productType = "com.apple.product-type.application";
		};
/* End PBXNativeTarget section */

/* Begin PBXProject section */
		E3480B7E24B0BCDC007B7D19 /* Project object */ = {
			isa = PBXProject;
			attributes = {
				LastSwiftUpdateCheck = 1150;
				LastUpgradeCheck = 1150;
				ORGANIZATIONNAME = "Yauheni Bunas";
				TargetAttributes = {
					E3480B8524B0BCDD007B7D19 = {
						CreatedOnToolsVersion = 11.5;
					};
				};
			};
			buildConfigurationList = E3480B8124B0BCDC007B7D19 /* Build configuration list for PBXProject "ColorsToCollect" */;
			compatibilityVersion = "Xcode 9.3";
			developmentRegion = en;
			hasScannedForEncodings = 0;
			knownRegions = (
				en,
				Base,
			);
			mainGroup = E3480B7D24B0BCDC007B7D19;
			productRefGroup = E3480B8724B0BCDD007B7D19 /* Products */;
			projectDirPath = "";
			projectRoot = "";
			targets = (
				E3480B8524B0BCDD007B7D19 /* ColorsToCollect */,
			);
		};
/* End PBXProject section */

/* Begin PBXResourcesBuildPhase section */
		E3480B8424B0BCDD007B7D19 /* Resources */ = {
			isa = PBXResourcesBuildPhase;
			buildActionMask = 2147483647;
			files = (
				E3480B9524B0BCDD007B7D19 /* Main.storyboard in Resources */,
				E3480B8C24B0BCDD007B7D19 /* GameScene.sks in Resources */,
				E3480B9724B0BCE8007B7D19 /* Assets.xcassets in Resources */,
				E3480B9A24B0BCE8007B7D19 /* LaunchScreen.storyboard in Resources */,
				E3480B8E24B0BCDD007B7D19 /* Actions.sks in Resources */,
			);
			runOnlyForDeploymentPostprocessing = 0;
		};
/* End PBXResourcesBuildPhase section */

/* Begin PBXSourcesBuildPhase section */
		E3480B8224B0BCDD007B7D19 /* Sources */ = {
			isa = PBXSourcesBuildPhase;
			buildActionMask = 2147483647;
			files = (
				E3480B9024B0BCDD007B7D19 /* GameScene.swift in Sources */,
				E3480B9224B0BCDD007B7D19 /* GameViewController.swift in Sources */,
				E3480B8A24B0BCDD007B7D19 /* AppDelegate.swift in Sources */,
			);
			runOnlyForDeploymentPostprocessing = 0;
		};
/* End PBXSourcesBuildPhase section */

/* Begin PBXVariantGroup section */
		E3480B9324B0BCDD007B7D19 /* Main.storyboard */ = {
			isa = PBXVariantGroup;
			children = (
				E3480B9424B0BCDD007B7D19 /* Base */,
			);
			name = Main.storyboard;
			sourceTree = "<group>";
		};
		E3480B9824B0BCE8007B7D19 /* LaunchScreen.storyboard */ = {
			isa = PBXVariantGroup;
			children = (
				E3480B9924B0BCE8007B7D19 /* Base */,
			);
			name = LaunchScreen.storyboard;
			sourceTree = "<group>";
		};
/* End PBXVariantGroup section */

/* Begin XCBuildConfiguration section */
		E3480B9C24B0BCE8007B7D19 /* Debug */ = {
			isa = XCBuildConfiguration;
			buildSettings = {
				ALWAYS_SEARCH_USER_PATHS = NO;
				CLANG_ANALYZER_NONNULL = YES;
				CLANG_ANALYZER_NUMBER_OBJECT_CONVERSION = YES_AGGRESSIVE;
				CLANG_CXX_LANGUAGE_STANDARD = "gnu++14";
				CLANG_CXX_LIBRARY = "libc++";
				CLANG_ENABLE_MODULES = YES;
				CLANG_ENABLE_OBJC_ARC = YES;
				CLANG_ENABLE_OBJC_WEAK = YES;
				CLANG_WARN_BLOCK_CAPTURE_AUTORELEASING = YES;
				CLANG_WARN_BOOL_CONVERSION = YES;
				CLANG_WARN_COMMA = YES;
				CLANG_WARN_CONSTANT_CONVERSION = YES;
				CLANG_WARN_DEPRECATED_OBJC_IMPLEMENTATIONS = YES;
				CLANG_WARN_DIRECT_OBJC_ISA_USAGE = YES_ERROR;
				CLANG_WARN_DOCUMENTATION_COMMENTS = YES;
				CLANG_WARN_EMPTY_BODY = YES;
				CLANG_WARN_ENUM_CONVERSION = YES;
				CLANG_WARN_INFINITE_RECURSION = YES;
				CLANG_WARN_INT_CONVERSION = YES;
				CLANG_WARN_NON_LITERAL_NULL_CONVERSION = YES;
				CLANG_WARN_OBJC_IMPLICIT_RETAIN_SELF = YES;
				CLANG_WARN_OBJC_LITERAL_CONVERSION = YES;
				CLANG_WARN_OBJC_ROOT_CLASS = YES_ERROR;
				CLANG_WARN_RANGE_LOOP_ANALYSIS = YES;
				CLANG_WARN_STRICT_PROTOTYPES = YES;
				CLANG_WARN_SUSPICIOUS_MOVE = YES;
				CLANG_WARN_UNGUARDED_AVAILABILITY = YES_AGGRESSIVE;
				CLANG_WARN_UNREACHABLE_CODE = YES;
				CLANG_WARN__DUPLICATE_METHOD_MATCH = YES;
				COPY_PHASE_STRIP = NO;
				DEBUG_INFORMATION_FORMAT = dwarf;
				ENABLE_STRICT_OBJC_MSGSEND = YES;
				ENABLE_TESTABILITY = YES;
				GCC_C_LANGUAGE_STANDARD = gnu11;
				GCC_DYNAMIC_NO_PIC = NO;
				GCC_NO_COMMON_BLOCKS = YES;
				GCC_OPTIMIZATION_LEVEL = 0;
				GCC_PREPROCESSOR_DEFINITIONS = (
					"DEBUG=1",
					"$(inherited)",
				);
				GCC_WARN_64_TO_32_BIT_CONVERSION = YES;
				GCC_WARN_ABOUT_RETURN_TYPE = YES_ERROR;
				GCC_WARN_UNDECLARED_SELECTOR = YES;
				GCC_WARN_UNINITIALIZED_AUTOS = YES_AGGRESSIVE;
				GCC_WARN_UNUSED_FUNCTION = YES;
				GCC_WARN_UNUSED_VARIABLE = YES;
				IPHONEOS_DEPLOYMENT_TARGET = 13.5;
				MTL_ENABLE_DEBUG_INFO = INCLUDE_SOURCE;
				MTL_FAST_MATH = YES;
				ONLY_ACTIVE_ARCH = YES;
				SDKROOT = iphoneos;
				SWIFT_ACTIVE_COMPILATION_CONDITIONS = DEBUG;
				SWIFT_OPTIMIZATION_LEVEL = "-Onone";
			};
			name = Debug;
		};
		E3480B9D24B0BCE8007B7D19 /* Release */ = {
			isa = XCBuildConfiguration;
			buildSettings = {
				ALWAYS_SEARCH_USER_PATHS = NO;
				CLANG_ANALYZER_NONNULL = YES;
				CLANG_ANALYZER_NUMBER_OBJECT_CONVERSION = YES_AGGRESSIVE;
				CLANG_CXX_LANGUAGE_STANDARD = "gnu++14";
				CLANG_CXX_LIBRARY = "libc++";
				CLANG_ENABLE_MODULES = YES;
				CLANG_ENABLE_OBJC_ARC = YES;
				CLANG_ENABLE_OBJC_WEAK = YES;
				CLANG_WARN_BLOCK_CAPTURE_AUTORELEASING = YES;
				CLANG_WARN_BOOL_CONVERSION = YES;
				CLANG_WARN_COMMA = YES;
				CLANG_WARN_CONSTANT_CONVERSION = YES;
				CLANG_WARN_DEPRECATED_OBJC_IMPLEMENTATIONS = YES;
				CLANG_WARN_DIRECT_OBJC_ISA_USAGE = YES_ERROR;
				CLANG_WARN_DOCUMENTATION_COMMENTS = YES;
				CLANG_WARN_EMPTY_BODY = YES;
				CLANG_WARN_ENUM_CONVERSION = YES;
				CLANG_WARN_INFINITE_RECURSION = YES;
				CLANG_WARN_INT_CONVERSION = YES;
				CLANG_WARN_NON_LITERAL_NULL_CONVERSION = YES;
				CLANG_WARN_OBJC_IMPLICIT_RETAIN_SELF = YES;
				CLANG_WARN_OBJC_LITERAL_CONVERSION = YES;
				CLANG_WARN_OBJC_ROOT_CLASS = YES_ERROR;
				CLANG_WARN_RANGE_LOOP_ANALYSIS = YES;
				CLANG_WARN_STRICT_PROTOTYPES = YES;
				CLANG_WARN_SUSPICIOUS_MOVE = YES;
				CLANG_WARN_UNGUARDED_AVAILABILITY = YES_AGGRESSIVE;
				CLANG_WARN_UNREACHABLE_CODE = YES;
				CLANG_WARN__DUPLICATE_METHOD_MATCH = YES;
				COPY_PHASE_STRIP = NO;
				DEBUG_INFORMATION_FORMAT = "dwarf-with-dsym";
				ENABLE_NS_ASSERTIONS = NO;
				ENABLE_STRICT_OBJC_MSGSEND = YES;
				GCC_C_LANGUAGE_STANDARD = gnu11;
				GCC_NO_COMMON_BLOCKS = YES;
				GCC_WARN_64_TO_32_BIT_CONVERSION = YES;
				GCC_WARN_ABOUT_RETURN_TYPE = YES_ERROR;
				GCC_WARN_UNDECLARED_SELECTOR = YES;
				GCC_WARN_UNINITIALIZED_AUTOS = YES_AGGRESSIVE;
				GCC_WARN_UNUSED_FUNCTION = YES;
				GCC_WARN_UNUSED_VARIABLE = YES;
				IPHONEOS_DEPLOYMENT_TARGET = 13.5;
				MTL_ENABLE_DEBUG_INFO = NO;
				MTL_FAST_MATH = YES;
				SDKROOT = iphoneos;
				SWIFT_COMPILATION_MODE = wholemodule;
				SWIFT_OPTIMIZATION_LEVEL = "-O";
				VALIDATE_PRODUCT = YES;
			};
			name = Release;
		};
		E3480B9F24B0BCE8007B7D19 /* Debug */ = {
			isa = XCBuildConfiguration;
			buildSettings = {
				ASSETCATALOG_COMPILER_APPICON_NAME = AppIcon;
				CODE_SIGN_STYLE = Automatic;
				DEVELOPMENT_TEAM = 3PYAHU7CY6;
				INFOPLIST_FILE = ColorsToCollect/Info.plist;
				LD_RUNPATH_SEARCH_PATHS = (
					"$(inherited)",
					"@executable_path/Frameworks",
				);
				PRODUCT_BUNDLE_IDENTIFIER = y.bunas.ColorsToCollect;
				PRODUCT_NAME = "$(TARGET_NAME)";
				SWIFT_VERSION = 5.0;
				TARGETED_DEVICE_FAMILY = "1,2";
			};
			name = Debug;
		};
		E3480BA024B0BCE8007B7D19 /* Release */ = {
			isa = XCBuildConfiguration;
			buildSettings = {
				ASSETCATALOG_COMPILER_APPICON_NAME = AppIcon;
				CODE_SIGN_STYLE = Automatic;
				DEVELOPMENT_TEAM = 3PYAHU7CY6;
				INFOPLIST_FILE = ColorsToCollect/Info.plist;
				LD_RUNPATH_SEARCH_PATHS = (
					"$(inherited)",
					"@executable_path/Frameworks",
				);
				PRODUCT_BUNDLE_IDENTIFIER = y.bunas.ColorsToCollect;
				PRODUCT_NAME = "$(TARGET_NAME)";
				SWIFT_VERSION = 5.0;
				TARGETED_DEVICE_FAMILY = "1,2";
			};
			name = Release;
		};
/* End XCBuildConfiguration section */

/* Begin XCConfigurationList section */
		E3480B8124B0BCDC007B7D19 /* Build configuration list for PBXProject "ColorsToCollect" */ = {
			isa = XCConfigurationList;
			buildConfigurations = (
				E3480B9C24B0BCE8007B7D19 /* Debug */,
				E3480B9D24B0BCE8007B7D19 /* Release */,
			);
			defaultConfigurationIsVisible = 0;
			defaultConfigurationName = Release;
		};
		E3480B9E24B0BCE8007B7D19 /* Build configuration list for PBXNativeTarget "ColorsToCollect" */ = {
			isa = XCConfigurationList;
			buildConfigurations = (
				E3480B9F24B0BCE8007B7D19 /* Debug */,
				E3480BA024B0BCE8007B7D19 /* Release */,
			);
			defaultConfigurationIsVisible = 0;
			defaultConfigurationName = Release;
		};
/* End XCConfigurationList section */
	};
	rootObject = E3480B7E24B0BCDC007B7D19 /* Project object */;
}
